// !$*UTF8*$!
{
	archiveVersion = 1;
	classes = {
	};
	objectVersion = 46;
	objects = {

/* Begin PBXBuildFile section */
		4FDE00301BF47FF700A92E6B /* main.cpp in Sources */ = {isa = PBXBuildFile; fileRef = 4FDE002F1BF47FF700A92E6B /* main.cpp */; };
		4FDE00381BF4801900A92E6B /* LinkedList.cpp in Sources */ = {isa = PBXBuildFile; fileRef = 4FDE00371BF4801900A92E6B /* LinkedList.cpp */; };
		4FDE003B1BF4803400A92E6B /* Hash.cpp in Sources */ = {isa = PBXBuildFile; fileRef = 4FDE00391BF4803400A92E6B /* Hash.cpp */; };
/* End PBXBuildFile section */

/* Begin PBXCopyFilesBuildPhase section */
		4FDE002A1BF47FF700A92E6B /* CopyFiles */ = {
			isa = PBXCopyFilesBuildPhase;
			buildActionMask = 2147483647;
			dstPath = /usr/share/man/man1/;
			dstSubfolderSpec = 0;
			files = (
			);
			runOnlyForDeploymentPostprocessing = 1;
		};
/* End PBXCopyFilesBuildPhase section */

/* Begin PBXFileReference section */
		4FDE002C1BF47FF700A92E6B /* Hash-open */ = {isa = PBXFileReference; explicitFileType = "compiled.mach-o.executable"; includeInIndex = 0; path = "Hash-open"; sourceTree = BUILT_PRODUCTS_DIR; };
		4FDE002F1BF47FF700A92E6B /* main.cpp */ = {isa = PBXFileReference; lastKnownFileType = sourcecode.cpp.cpp; path = main.cpp; sourceTree = "<group>"; };
		4FDE00361BF4801900A92E6B /* LinkedList.h */ = {isa = PBXFileReference; fileEncoding = 4; lastKnownFileType = sourcecode.c.h; path = LinkedList.h; sourceTree = "<group>"; };
		4FDE00371BF4801900A92E6B /* LinkedList.cpp */ = {isa = PBXFileReference; fileEncoding = 4; lastKnownFileType = sourcecode.cpp.cpp; path = LinkedList.cpp; sourceTree = "<group>"; };
		4FDE00391BF4803400A92E6B /* Hash.cpp */ = {isa = PBXFileReference; fileEncoding = 4; lastKnownFileType = sourcecode.cpp.cpp; path = Hash.cpp; sourceTree = "<group>"; };
		4FDE003A1BF4803400A92E6B /* Hash.h */ = {isa = PBXFileReference; fileEncoding = 4; lastKnownFileType = sourcecode.c.h; path = Hash.h; sourceTree = "<group>"; };
/* End PBXFileReference section */

/* Begin PBXFrameworksBuildPhase section */
		4FDE00291BF47FF700A92E6B /* Frameworks */ = {
			isa = PBXFrameworksBuildPhase;
			buildActionMask = 2147483647;
			files = (
			);
			runOnlyForDeploymentPostprocessing = 0;
		};
/* End PBXFrameworksBuildPhase section */

/* Begin PBXGroup section */
		4FDE00231BF47FF700A92E6B = {
			isa = PBXGroup;
			children = (
				4FDE002E1BF47FF700A92E6B /* Hash-open */,
				4FDE002D1BF47FF700A92E6B /* Products */,
			);
			sourceTree = "<group>";
		};
		4FDE002D1BF47FF700A92E6B /* Products */ = {
			isa = PBXGroup;
			children = (
				4FDE002C1BF47FF700A92E6B /* Hash-open */,
			);
			name = Products;
			sourceTree = "<group>";
		};
		4FDE002E1BF47FF700A92E6B /* Hash-open */ = {
			isa = PBXGroup;
			children = (
				4FDE00371BF4801900A92E6B /* LinkedList.cpp */,
				4FDE00361BF4801900A92E6B /* LinkedList.h */,
				4FDE00391BF4803400A92E6B /* Hash.cpp */,
				4FDE003A1BF4803400A92E6B /* Hash.h */,
				4FDE002F1BF47FF700A92E6B /* main.cpp */,
			);
			path = "Hash-open";
			sourceTree = "<group>";
		};
/* End PBXGroup section */

/* Begin PBXNativeTarget section */
		4FDE002B1BF47FF700A92E6B /* Hash-open */ = {
			isa = PBXNativeTarget;
			buildConfigurationList = 4FDE00331BF47FF700A92E6B /* Build configuration list for PBXNativeTarget "Hash-open" */;
			buildPhases = (
				4FDE00281BF47FF700A92E6B /* Sources */,
				4FDE00291BF47FF700A92E6B /* Frameworks */,
				4FDE002A1BF47FF700A92E6B /* CopyFiles */,
			);
			buildRules = (
			);
			dependencies = (
			);
			name = "Hash-open";
			productName = "Hash-open";
			productReference = 4FDE002C1BF47FF700A92E6B /* Hash-open */;
			productType = "com.apple.product-type.tool";
		};
/* End PBXNativeTarget section */

/* Begin PBXProject section */
		4FDE00241BF47FF700A92E6B /* Project object */ = {
			isa = PBXProject;
			attributes = {
				LastUpgradeCheck = 0710;
				ORGANIZATIONNAME = "Doogie's mac";
				TargetAttributes = {
					4FDE002B1BF47FF700A92E6B = {
						CreatedOnToolsVersion = 7.1;
					};
				};
			};
			buildConfigurationList = 4FDE00271BF47FF700A92E6B /* Build configuration list for PBXProject "Hash-open" */;
			compatibilityVersion = "Xcode 3.2";
			developmentRegion = English;
			hasScannedForEncodings = 0;
			knownRegions = (
				en,
			);
			mainGroup = 4FDE00231BF47FF700A92E6B;
			productRefGroup = 4FDE002D1BF47FF700A92E6B /* Products */;
			projectDirPath = "";
			projectRoot = "";
			targets = (
				4FDE002B1BF47FF700A92E6B /* Hash-open */,
			);
		};
/* End PBXProject section */

/* Begin PBXSourcesBuildPhase section */
		4FDE00281BF47FF700A92E6B /* Sources */ = {
			isa = PBXSourcesBuildPhase;
			buildActionMask = 2147483647;
			files = (
				4FDE003B1BF4803400A92E6B /* Hash.cpp in Sources */,
				4FDE00381BF4801900A92E6B /* LinkedList.cpp in Sources */,
				4FDE00301BF47FF700A92E6B /* main.cpp in Sources */,
			);
			runOnlyForDeploymentPostprocessing = 0;
		};
/* End PBXSourcesBuildPhase section */

/* Begin XCBuildConfiguration section */
		4FDE00311BF47FF700A92E6B /* Debug */ = {
			isa = XCBuildConfiguration;
			buildSettings = {
				ALWAYS_SEARCH_USER_PATHS = NO;
				CLANG_CXX_LANGUAGE_STANDARD = "gnu++0x";
				CLANG_CXX_LIBRARY = "libc++";
				CLANG_ENABLE_MODULES = YES;
				CLANG_ENABLE_OBJC_ARC = YES;
				CLANG_WARN_BOOL_CONVERSION = YES;
				CLANG_WARN_CONSTANT_CONVERSION = YES;
				CLANG_WARN_DIRECT_OBJC_ISA_USAGE = YES_ERROR;
				CLANG_WARN_EMPTY_BODY = YES;
				CLANG_WARN_ENUM_CONVERSION = YES;
				CLANG_WARN_INT_CONVERSION = YES;
				CLANG_WARN_OBJC_ROOT_CLASS = YES_ERROR;
				CLANG_WARN_UNREACHABLE_CODE = YES;
				CLANG_WARN__DUPLICATE_METHOD_MATCH = YES;
				CODE_SIGN_IDENTITY = "-";
				COPY_PHASE_STRIP = NO;
				DEBUG_INFORMATION_FORMAT = dwarf;
				ENABLE_STRICT_OBJC_MSGSEND = YES;
				ENABLE_TESTABILITY = YES;
				GCC_C_LANGUAGE_STANDARD = gnu99;
				GCC_DYNAMIC_NO_PIC = NO;
				GCC_NO_COMMON_BLOCKS = YES;
				GCC_OPTIMIZATION_LEVEL = 0;
				GCC_PREPROCESSOR_DEFINITIONS = (
					"DEBUG=1",
					"$(inherited)",
				);
				GCC_WARN_64_TO_32_BIT_CONVERSION = YES;
				GCC_WARN_ABOUT_RETURN_TYPE = YES_ERROR;
				GCC_WARN_UNDECLARED_SELECTOR = YES;
				GCC_WARN_UNINITIALIZED_AUTOS = YES_AGGRESSIVE;
				GCC_WARN_UNUSED_FUNCTION = YES;
				GCC_WARN_UNUSED_VARIABLE = YES;
				MACOSX_DEPLOYMENT_TARGET = 10.11;
				MTL_ENABLE_DEBUG_INFO = YES;
				ONLY_ACTIVE_ARCH = YES;
				SDKROOT = macosx;
			};
			name = Debug;
		};
		4FDE00321BF47FF700A92E6B /* Release */ = {
			isa = XCBuildConfiguration;
			buildSettings = {
				ALWAYS_SEARCH_USER_PATHS = NO;
				CLANG_CXX_LANGUAGE_STANDARD = "gnu++0x";
				CLANG_CXX_LIBRARY = "libc++";
				CLANG_ENABLE_MODULES = YES;
				CLANG_ENABLE_OBJC_ARC = YES;
				CLANG_WARN_BOOL_CONVERSION = YES;
				CLANG_WARN_CONSTANT_CONVERSION = YES;
				CLANG_WARN_DIRECT_OBJC_ISA_USAGE = YES_ERROR;
				CLANG_WARN_EMPTY_BODY = YES;
				CLANG_WARN_ENUM_CONVERSION = YES;
				CLANG_WARN_INT_CONVERSION = YES;
				CLANG_WARN_OBJC_ROOT_CLASS = YES_ERROR;
				CLANG_WARN_UNREACHABLE_CODE = YES;
				CLANG_WARN__DUPLICATE_METHOD_MATCH = YES;
				CODE_SIGN_IDENTITY = "-";
				COPY_PHASE_STRIP = NO;
				DEBUG_INFORMATION_FORMAT = "dwarf-with-dsym";
				ENABLE_NS_ASSERTIONS = NO;
				ENABLE_STRICT_OBJC_MSGSEND = YES;
				GCC_C_LANGUAGE_STANDARD = gnu99;
				GCC_NO_COMMON_BLOCKS = YES;
				GCC_WARN_64_TO_32_BIT_CONVERSION = YES;
				GCC_WARN_ABOUT_RETURN_TYPE = YES_ERROR;
				GCC_WARN_UNDECLARED_SELECTOR = YES;
				GCC_WARN_UNINITIALIZED_AUTOS = YES_AGGRESSIVE;
				GCC_WARN_UNUSED_FUNCTION = YES;
				GCC_WARN_UNUSED_VARIABLE = YES;
				MACOSX_DEPLOYMENT_TARGET = 10.11;
				MTL_ENABLE_DEBUG_INFO = NO;
				SDKROOT = macosx;
			};
			name = Release;
		};
		4FDE00341BF47FF700A92E6B /* Debug */ = {
			isa = XCBuildConfiguration;
			buildSettings = {
				PRODUCT_NAME = "$(TARGET_NAME)";
			};
			name = Debug;
		};
		4FDE00351BF47FF700A92E6B /* Release */ = {
			isa = XCBuildConfiguration;
			buildSettings = {
				PRODUCT_NAME = "$(TARGET_NAME)";
			};
			name = Release;
		};
/* End XCBuildConfiguration section */

/* Begin XCConfigurationList section */
		4FDE00271BF47FF700A92E6B /* Build configuration list for PBXProject "Hash-open" */ = {
			isa = XCConfigurationList;
			buildConfigurations = (
				4FDE00311BF47FF700A92E6B /* Debug */,
				4FDE00321BF47FF700A92E6B /* Release */,
			);
			defaultConfigurationIsVisible = 0;
			defaultConfigurationName = Release;
		};
		4FDE00331BF47FF700A92E6B /* Build configuration list for PBXNativeTarget "Hash-open" */ = {
			isa = XCConfigurationList;
			buildConfigurations = (
				4FDE00341BF47FF700A92E6B /* Debug */,
				4FDE00351BF47FF700A92E6B /* Release */,
			);
			defaultConfigurationIsVisible = 0;
		};
/* End XCConfigurationList section */
	};
	rootObject = 4FDE00241BF47FF700A92E6B /* Project object */;
}
