// !$*UTF8*$!
{
	archiveVersion = 1;
	classes = {
	};
	objectVersion = 46;
	objects = {

/* Begin PBXBuildFile section */
		4FDE00491BF4967100A92E6B /* main.cpp in Sources */ = {isa = PBXBuildFile; fileRef = 4FDE00481BF4967100A92E6B /* main.cpp */; };
		4FDE00541BF496E000A92E6B /* Hash.cpp in Sources */ = {isa = PBXBuildFile; fileRef = 4FDE00521BF496E000A92E6B /* Hash.cpp */; };
/* End PBXBuildFile section */

/* Begin PBXCopyFilesBuildPhase section */
		4FDE00431BF4967100A92E6B /* CopyFiles */ = {
			isa = PBXCopyFilesBuildPhase;
			buildActionMask = 2147483647;
			dstPath = /usr/share/man/man1/;
			dstSubfolderSpec = 0;
			files = (
			);
			runOnlyForDeploymentPostprocessing = 1;
		};
/* End PBXCopyFilesBuildPhase section */

/* Begin PBXFileReference section */
		4FDE00451BF4967100A92E6B /* Hash-closed */ = {isa = PBXFileReference; explicitFileType = "compiled.mach-o.executable"; includeInIndex = 0; path = "Hash-closed"; sourceTree = BUILT_PRODUCTS_DIR; };
		4FDE00481BF4967100A92E6B /* main.cpp */ = {isa = PBXFileReference; lastKnownFileType = sourcecode.cpp.cpp; path = main.cpp; sourceTree = "<group>"; };
		4FDE00521BF496E000A92E6B /* Hash.cpp */ = {isa = PBXFileReference; fileEncoding = 4; lastKnownFileType = sourcecode.cpp.cpp; path = Hash.cpp; sourceTree = "<group>"; };
		4FDE00531BF496E000A92E6B /* Hash.h */ = {isa = PBXFileReference; fileEncoding = 4; lastKnownFileType = sourcecode.c.h; path = Hash.h; sourceTree = "<group>"; };
/* End PBXFileReference section */

/* Begin PBXFrameworksBuildPhase section */
		4FDE00421BF4967100A92E6B /* Frameworks */ = {
			isa = PBXFrameworksBuildPhase;
			buildActionMask = 2147483647;
			files = (
			);
			runOnlyForDeploymentPostprocessing = 0;
		};
/* End PBXFrameworksBuildPhase section */

/* Begin PBXGroup section */
		4FDE003C1BF4967100A92E6B = {
			isa = PBXGroup;
			children = (
				4FDE00471BF4967100A92E6B /* Hash-closed */,
				4FDE00461BF4967100A92E6B /* Products */,
			);
			sourceTree = "<group>";
		};
		4FDE00461BF4967100A92E6B /* Products */ = {
			isa = PBXGroup;
			children = (
				4FDE00451BF4967100A92E6B /* Hash-closed */,
			);
			name = Products;
			sourceTree = "<group>";
		};
		4FDE00471BF4967100A92E6B /* Hash-closed */ = {
			isa = PBXGroup;
			children = (
				4FDE00481BF4967100A92E6B /* main.cpp */,
				4FDE00521BF496E000A92E6B /* Hash.cpp */,
				4FDE00531BF496E000A92E6B /* Hash.h */,
			);
			path = "Hash-closed";
			sourceTree = "<group>";
		};
/* End PBXGroup section */

/* Begin PBXNativeTarget section */
		4FDE00441BF4967100A92E6B /* Hash-closed */ = {
			isa = PBXNativeTarget;
			buildConfigurationList = 4FDE004C1BF4967100A92E6B /* Build configuration list for PBXNativeTarget "Hash-closed" */;
			buildPhases = (
				4FDE00411BF4967100A92E6B /* Sources */,
				4FDE00421BF4967100A92E6B /* Frameworks */,
				4FDE00431BF4967100A92E6B /* CopyFiles */,
			);
			buildRules = (
			);
			dependencies = (
			);
			name = "Hash-closed";
			productName = "Hash-closed";
			productReference = 4FDE00451BF4967100A92E6B /* Hash-closed */;
			productType = "com.apple.product-type.tool";
		};
/* End PBXNativeTarget section */

/* Begin PBXProject section */
		4FDE003D1BF4967100A92E6B /* Project object */ = {
			isa = PBXProject;
			attributes = {
				LastUpgradeCheck = 0710;
				ORGANIZATIONNAME = "Doogie's mac";
				TargetAttributes = {
					4FDE00441BF4967100A92E6B = {
						CreatedOnToolsVersion = 7.1;
					};
				};
			};
			buildConfigurationList = 4FDE00401BF4967100A92E6B /* Build configuration list for PBXProject "Hash-closed" */;
			compatibilityVersion = "Xcode 3.2";
			developmentRegion = English;
			hasScannedForEncodings = 0;
			knownRegions = (
				en,
			);
			mainGroup = 4FDE003C1BF4967100A92E6B;
			productRefGroup = 4FDE00461BF4967100A92E6B /* Products */;
			projectDirPath = "";
			projectRoot = "";
			targets = (
				4FDE00441BF4967100A92E6B /* Hash-closed */,
			);
		};
/* End PBXProject section */

/* Begin PBXSourcesBuildPhase section */
		4FDE00411BF4967100A92E6B /* Sources */ = {
			isa = PBXSourcesBuildPhase;
			buildActionMask = 2147483647;
			files = (
				4FDE00491BF4967100A92E6B /* main.cpp in Sources */,
				4FDE00541BF496E000A92E6B /* Hash.cpp in Sources */,
			);
			runOnlyForDeploymentPostprocessing = 0;
		};
/* End PBXSourcesBuildPhase section */

/* Begin XCBuildConfiguration section */
		4FDE004A1BF4967100A92E6B /* Debug */ = {
			isa = XCBuildConfiguration;
			buildSettings = {
				ALWAYS_SEARCH_USER_PATHS = NO;
				CLANG_CXX_LANGUAGE_STANDARD = "gnu++0x";
				CLANG_CXX_LIBRARY = "libc++";
				CLANG_ENABLE_MODULES = YES;
				CLANG_ENABLE_OBJC_ARC = YES;
				CLANG_WARN_BOOL_CONVERSION = YES;
				CLANG_WARN_CONSTANT_CONVERSION = YES;
				CLANG_WARN_DIRECT_OBJC_ISA_USAGE = YES_ERROR;
				CLANG_WARN_EMPTY_BODY = YES;
				CLANG_WARN_ENUM_CONVERSION = YES;
				CLANG_WARN_INT_CONVERSION = YES;
				CLANG_WARN_OBJC_ROOT_CLASS = YES_ERROR;
				CLANG_WARN_UNREACHABLE_CODE = YES;
				CLANG_WARN__DUPLICATE_METHOD_MATCH = YES;
				CODE_SIGN_IDENTITY = "-";
				COPY_PHASE_STRIP = NO;
				DEBUG_INFORMATION_FORMAT = dwarf;
				ENABLE_STRICT_OBJC_MSGSEND = YES;
				ENABLE_TESTABILITY = YES;
				GCC_C_LANGUAGE_STANDARD = gnu99;
				GCC_DYNAMIC_NO_PIC = NO;
				GCC_NO_COMMON_BLOCKS = YES;
				GCC_OPTIMIZATION_LEVEL = 0;
				GCC_PREPROCESSOR_DEFINITIONS = (
					"DEBUG=1",
					"$(inherited)",
				);
				GCC_WARN_64_TO_32_BIT_CONVERSION = YES;
				GCC_WARN_ABOUT_RETURN_TYPE = YES_ERROR;
				GCC_WARN_UNDECLARED_SELECTOR = YES;
				GCC_WARN_UNINITIALIZED_AUTOS = YES_AGGRESSIVE;
				GCC_WARN_UNUSED_FUNCTION = YES;
				GCC_WARN_UNUSED_VARIABLE = YES;
				MACOSX_DEPLOYMENT_TARGET = 10.11;
				MTL_ENABLE_DEBUG_INFO = YES;
				ONLY_ACTIVE_ARCH = YES;
				SDKROOT = macosx;
			};
			name = Debug;
		};
		4FDE004B1BF4967100A92E6B /* Release */ = {
			isa = XCBuildConfiguration;
			buildSettings = {
				ALWAYS_SEARCH_USER_PATHS = NO;
				CLANG_CXX_LANGUAGE_STANDARD = "gnu++0x";
				CLANG_CXX_LIBRARY = "libc++";
				CLANG_ENABLE_MODULES = YES;
				CLANG_ENABLE_OBJC_ARC = YES;
				CLANG_WARN_BOOL_CONVERSION = YES;
				CLANG_WARN_CONSTANT_CONVERSION = YES;
				CLANG_WARN_DIRECT_OBJC_ISA_USAGE = YES_ERROR;
				CLANG_WARN_EMPTY_BODY = YES;
				CLANG_WARN_ENUM_CONVERSION = YES;
				CLANG_WARN_INT_CONVERSION = YES;
				CLANG_WARN_OBJC_ROOT_CLASS = YES_ERROR;
				CLANG_WARN_UNREACHABLE_CODE = YES;
				CLANG_WARN__DUPLICATE_METHOD_MATCH = YES;
				CODE_SIGN_IDENTITY = "-";
				COPY_PHASE_STRIP = NO;
				DEBUG_INFORMATION_FORMAT = "dwarf-with-dsym";
				ENABLE_NS_ASSERTIONS = NO;
				ENABLE_STRICT_OBJC_MSGSEND = YES;
				GCC_C_LANGUAGE_STANDARD = gnu99;
				GCC_NO_COMMON_BLOCKS = YES;
				GCC_WARN_64_TO_32_BIT_CONVERSION = YES;
				GCC_WARN_ABOUT_RETURN_TYPE = YES_ERROR;
				GCC_WARN_UNDECLARED_SELECTOR = YES;
				GCC_WARN_UNINITIALIZED_AUTOS = YES_AGGRESSIVE;
				GCC_WARN_UNUSED_FUNCTION = YES;
				GCC_WARN_UNUSED_VARIABLE = YES;
				MACOSX_DEPLOYMENT_TARGET = 10.11;
				MTL_ENABLE_DEBUG_INFO = NO;
				SDKROOT = macosx;
			};
			name = Release;
		};
		4FDE004D1BF4967100A92E6B /* Debug */ = {
			isa = XCBuildConfiguration;
			buildSettings = {
				PRODUCT_NAME = "$(TARGET_NAME)";
			};
			name = Debug;
		};
		4FDE004E1BF4967100A92E6B /* Release */ = {
			isa = XCBuildConfiguration;
			buildSettings = {
				PRODUCT_NAME = "$(TARGET_NAME)";
			};
			name = Release;
		};
/* End XCBuildConfiguration section */

/* Begin XCConfigurationList section */
		4FDE00401BF4967100A92E6B /* Build configuration list for PBXProject "Hash-closed" */ = {
			isa = XCConfigurationList;
			buildConfigurations = (
				4FDE004A1BF4967100A92E6B /* Debug */,
				4FDE004B1BF4967100A92E6B /* Release */,
			);
			defaultConfigurationIsVisible = 0;
			defaultConfigurationName = Release;
		};
		4FDE004C1BF4967100A92E6B /* Build configuration list for PBXNativeTarget "Hash-closed" */ = {
			isa = XCConfigurationList;
			buildConfigurations = (
				4FDE004D1BF4967100A92E6B /* Debug */,
				4FDE004E1BF4967100A92E6B /* Release */,
			);
			defaultConfigurationIsVisible = 0;
		};
/* End XCConfigurationList section */
	};
	rootObject = 4FDE003D1BF4967100A92E6B /* Project object */;
}
